
Microsoft Visual Studio Solution File, Format Version 12.00
# Visual Studio Version 17
VisualStudioVersion = 17.9.34728.123
MinimumVisualStudioVersion = 10.0.40219.1
Project("{8BC9CEB8-8B4A-11D0-8D11-00A0C91BC942}") = "#49", "#49.vcxproj", "{9AAAA1D0-DEA4-4568-BC6D-4C5C2BE8B8B8}"
EndProject
Global
	GlobalSection(SolutionConfigurationPlatforms) = preSolution
		Debug|x64 = Debug|x64
		Debug|x86 = Debug|x86
		Release|x64 = Release|x64
		Release|x86 = Release|x86
	EndGlobalSection
	GlobalSection(ProjectConfigurationPlatforms) = postSolution
		{9AAAA1D0-DEA4-4568-BC6D-4C5C2BE8B8B8}.Debug|x64.ActiveCfg = Debug|x64
		{9AAAA1D0-DEA4-4568-BC6D-4C5C2BE8B8B8}.Debug|x64.Build.0 = Debug|x64
		{9AAAA1D0-DEA4-4568-BC6D-4C5C2BE8B8B8}.Debug|x86.ActiveCfg = Debug|Win32
		{9AAAA1D0-DEA4-4568-BC6D-4C5C2BE8B8B8}.Debug|x86.Build.0 = Debug|Win32
		{9AAAA1D0-DEA4-4568-BC6D-4C5C2BE8B8B8}.Release|x64.ActiveCfg = Release|x64
		{9AAAA1D0-DEA4-4568-BC6D-4C5C2BE8B8B8}.Release|x64.Build.0 = Release|x64
		{9AAAA1D0-DEA4-4568-BC6D-4C5C2BE8B8B8}.Release|x86.ActiveCfg = Release|Win32
		{9AAAA1D0-DEA4-4568-BC6D-4C5C2BE8B8B8}.Release|x86.Build.0 = Release|Win32
	EndGlobalSection
	GlobalSection(SolutionProperties) = preSolution
		HideSolutionNode = FALSE
	EndGlobalSection
	GlobalSection(ExtensibilityGlobals) = postSolution
		SolutionGuid = {1487CDD5-7C59-47BC-B10A-11A20D6A6292}
	EndGlobalSection
EndGlobal
